github.com/hugomods/icons v0.6.6 h1:gGlafcBDRP7sSID+tgLcWdog+s/QBj8DIfU+h9tZj1U=
github.com/hugomods/icons v0.6.6/go.mod h1:cIkSvK6W0q6N4U6n9KGz+QfRWQXAW0INd+1P31gPNGg=
github.com/hugomods/icons/vendors/mdi v0.3.8 h1:Tw4DooGpAHK2Lk+r6UnuWC/NesGPdR0x0U1Ullu2Og8=
github.com/hugomods/icons/vendors/mdi v0.3.8/go.mod h1:UzARXfBJorEKYC9o+Ap6rsKSiI+UFkNWJjKn+DR2tpA=
