github.com/hugomods/icons v0.6.6 h1:gGlafcBDRP7sSID+tgLcWdog+s/QBj8DIfU+h9tZj1U=
github.com/hugomods/icons v0.6.6/go.mod h1:cIkSvK6W0q6N4U6n9KGz+QfRWQXAW0INd+1P31gPNGg=
github.com/hugomods/icons/vendors/mdi v0.3.7 h1:YUU61C3a0wUa0PejKc6fl+WntDjC/kqyqK4Io5Xkhww=
github.com/hugomods/icons/vendors/mdi v0.3.7/go.mod h1:uTiqmqmEmUe3wpVPpaKhAWSu5zunmBON1D2tgOyZWQs=
